# This file is generated by running "yarn install" inside your project.
# Manual changes might be lost - proceed with caution!

__metadata:
  version: 6
  cacheKey: 8

"2022@workspace:.":
  version: 0.0.0-use.local
  resolution: "2022@workspace:."
  dependencies:
    "@types/node": ^18.11.10
    lodash: ^4.17.21
  languageName: unknown
  linkType: soft

"@types/node@npm:^18.11.10":
  version: 18.11.10
  resolution: "@types/node@npm:18.11.10"
  checksum: 0f60cb090b2ee91fcd3dc4311bc1ed7889b92f14644c0069f100776f86474c12eebbcc6c75bc0d7d96b975a103b4d5d6b3c22b4e88bea6e7f4e2b1bb0daf5ea8
  languageName: node
  linkType: hard

"lodash@npm:^4.17.21":
  version: 4.17.21
  resolution: "lodash@npm:4.17.21"
  checksum: eb835a2e51d381e561e508ce932ea50a8e5a68f4ebdd771ea240d3048244a8d13658acbd502cd4829768c56f2e16bdd4340b9ea141297d472517b83868e677f7
  languageName: node
  linkType: hard
